
Microsoft Visual Studio Solution File, Format Version 12.00
# Visual Studio Version 16
VisualStudioVersion = 16.0.30907.101
MinimumVisualStudioVersion = 10.0.40219.1
Project("{FAE04EC0-301F-11D3-BF4B-00C04F79EFBC}") = "Practica_2", "Practica_2\Practica_2.csproj", "{88F5D2CC-EB46-4B7A-9E75-8DE990C4E834}"
EndProject
Project("{FAE04EC0-301F-11D3-BF4B-00C04F79EFBC}") = "Ejercicio_Int", "Ejercicio_Int\Ejercicio_Int.csproj", "{881146AB-BF62-4BCA-A7E3-CF5A1389A4E4}"
EndProject
Global
	GlobalSection(SolutionConfigurationPlatforms) = preSolution
		Debug|Any CPU = Debug|Any CPU
		Release|Any CPU = Release|Any CPU
	EndGlobalSection
	GlobalSection(ProjectConfigurationPlatforms) = postSolution
		{88F5D2CC-EB46-4B7A-9E75-8DE990C4E834}.Debug|Any CPU.ActiveCfg = Debug|Any CPU
		{88F5D2CC-EB46-4B7A-9E75-8DE990C4E834}.Debug|Any CPU.Build.0 = Debug|Any CPU
		{88F5D2CC-EB46-4B7A-9E75-8DE990C4E834}.Release|Any CPU.ActiveCfg = Release|Any CPU
		{88F5D2CC-EB46-4B7A-9E75-8DE990C4E834}.Release|Any CPU.Build.0 = Release|Any CPU
		{881146AB-BF62-4BCA-A7E3-CF5A1389A4E4}.Debug|Any CPU.ActiveCfg = Debug|Any CPU
		{881146AB-BF62-4BCA-A7E3-CF5A1389A4E4}.Debug|Any CPU.Build.0 = Debug|Any CPU
		{881146AB-BF62-4BCA-A7E3-CF5A1389A4E4}.Release|Any CPU.ActiveCfg = Release|Any CPU
		{881146AB-BF62-4BCA-A7E3-CF5A1389A4E4}.Release|Any CPU.Build.0 = Release|Any CPU
	EndGlobalSection
	GlobalSection(SolutionProperties) = preSolution
		HideSolutionNode = FALSE
	EndGlobalSection
	GlobalSection(ExtensibilityGlobals) = postSolution
		SolutionGuid = {B10487E4-BCFF-45D7-BFD1-D9779B409B31}
	EndGlobalSection
EndGlobal
